
Microsoft Visual Studio Solution File, Format Version 12.00
# Visual Studio Version 16
VisualStudioVersion = 16.0.29519.181
MinimumVisualStudioVersion = 10.0.40219.1
Project("{888888A0-9F3D-457C-B088-3A5042F75D52}") = "PythonApplication_Contours2", "PythonApplication_Contours2.pyproj", "{03C9FA90-0A97-4A29-92FC-17082651DBF4}"
EndProject
Global
	GlobalSection(SolutionConfigurationPlatforms) = preSolution
		Debug|Any CPU = Debug|Any CPU
		Release|Any CPU = Release|Any CPU
	EndGlobalSection
	GlobalSection(ProjectConfigurationPlatforms) = postSolution
		{03C9FA90-0A97-4A29-92FC-17082651DBF4}.Debug|Any CPU.ActiveCfg = Debug|Any CPU
		{03C9FA90-0A97-4A29-92FC-17082651DBF4}.Release|Any CPU.ActiveCfg = Release|Any CPU
	EndGlobalSection
	GlobalSection(SolutionProperties) = preSolution
		HideSolutionNode = FALSE
	EndGlobalSection
	GlobalSection(ExtensibilityGlobals) = postSolution
		SolutionGuid = {7B4D70EB-7764-46E2-B4D2-ABEB6378C597}
	EndGlobalSection
EndGlobal
